
Microsoft Visual Studio Solution File, Format Version 12.00
# Visual Studio 15
VisualStudioVersion = 15.0.27004.2008
MinimumVisualStudioVersion = 10.0.40219.1
Project("{FAE04EC0-301F-11D3-BF4B-00C04F79EFBC}") = "ERM.Musicas.Web", "ERM.Musicas.Web\ERM.Musicas.Web.csproj", "{CB0D5159-796B-4948-A878-1FEC00DB6172}"
EndProject
Project("{2150E333-8FDC-42A3-9474-1A3956D46DE8}") = "Dominio", "Dominio", "{9F5F01F3-A2FD-4291-956A-8D1CA6E54263}"
EndProject
Project("{2150E333-8FDC-42A3-9474-1A3956D46DE8}") = "Acesso a Dados", "Acesso a Dados", "{AE88DFC6-A0B5-4B32-BDB8-52A7E7E1F4FE}"
EndProject
Project("{FAE04EC0-301F-11D3-BF4B-00C04F79EFBC}") = "ERM.Musicas.AcessoDados.Entity", "ERM.Musicas.AcessoDados.Entity\ERM.Musicas.AcessoDados.Entity.csproj", "{B7186488-3D8C-4E4D-BC54-315D270B523A}"
EndProject
Project("{FAE04EC0-301F-11D3-BF4B-00C04F79EFBC}") = "ERM.Musicas.Dominio", "ERM.Musicas.Dominio\ERM.Musicas.Dominio.csproj", "{0482DA46-F50E-41A6-9C97-BB8044C95B2A}"
EndProject
Project("{FAE04EC0-301F-11D3-BF4B-00C04F79EFBC}") = "ERM.Comum.Entity", "ERM.Comum.Entity\ERM.Comum.Entity.csproj", "{BC8CC5FF-C684-4B6F-BD76-6D8CB7D1F2BF}"
EndProject
Project("{2150E333-8FDC-42A3-9474-1A3956D46DE8}") = "Repositorios", "Repositorios", "{37AC289E-518A-4DD5-B264-F56AE8235D87}"
EndProject
Project("{FAE04EC0-301F-11D3-BF4B-00C04F79EFBC}") = "ERM.Repositorio.Comum.Entity", "ERM.Repositorio.Comum.Entity\ERM.Repositorio.Comum.Entity.csproj", "{96A4FF5D-4A03-460E-A5AD-E01A332B92C2}"
EndProject
Project("{FAE04EC0-301F-11D3-BF4B-00C04F79EFBC}") = "ERM.Repositorio.Comum", "ERM.Repositorio.Comum\ERM.Repositorio.Comum.csproj", "{A548C9C1-1910-47BD-9A70-43B498E0D974}"
EndProject
Project("{FAE04EC0-301F-11D3-BF4B-00C04F79EFBC}") = "ERM.Musicas.Repositorio.Entity", "ERM.Musicas.Repositorio.Entity\ERM.Musicas.Repositorio.Entity.csproj", "{331CBFEC-3142-45E8-902E-14D40076063D}"
EndProject
Global
	GlobalSection(SolutionConfigurationPlatforms) = preSolution
		Debug|Any CPU = Debug|Any CPU
		Debug|ARM = Debug|ARM
		Debug|x64 = Debug|x64
		Debug|x86 = Debug|x86
		Release|Any CPU = Release|Any CPU
		Release|ARM = Release|ARM
		Release|x64 = Release|x64
		Release|x86 = Release|x86
	EndGlobalSection
	GlobalSection(ProjectConfigurationPlatforms) = postSolution
		{CB0D5159-796B-4948-A878-1FEC00DB6172}.Debug|Any CPU.ActiveCfg = Debug|Any CPU
		{CB0D5159-796B-4948-A878-1FEC00DB6172}.Debug|Any CPU.Build.0 = Debug|Any CPU
		{CB0D5159-796B-4948-A878-1FEC00DB6172}.Debug|ARM.ActiveCfg = Debug|Any CPU
		{CB0D5159-796B-4948-A878-1FEC00DB6172}.Debug|ARM.Build.0 = Debug|Any CPU
		{CB0D5159-796B-4948-A878-1FEC00DB6172}.Debug|x64.ActiveCfg = Debug|Any CPU
		{CB0D5159-796B-4948-A878-1FEC00DB6172}.Debug|x64.Build.0 = Debug|Any CPU
		{CB0D5159-796B-4948-A878-1FEC00DB6172}.Debug|x86.ActiveCfg = Debug|Any CPU
		{CB0D5159-796B-4948-A878-1FEC00DB6172}.Debug|x86.Build.0 = Debug|Any CPU
		{CB0D5159-796B-4948-A878-1FEC00DB6172}.Release|Any CPU.ActiveCfg = Release|Any CPU
		{CB0D5159-796B-4948-A878-1FEC00DB6172}.Release|Any CPU.Build.0 = Release|Any CPU
		{CB0D5159-796B-4948-A878-1FEC00DB6172}.Release|ARM.ActiveCfg = Release|Any CPU
		{CB0D5159-796B-4948-A878-1FEC00DB6172}.Release|ARM.Build.0 = Release|Any CPU
		{CB0D5159-796B-4948-A878-1FEC00DB6172}.Release|x64.ActiveCfg = Release|Any CPU
		{CB0D5159-796B-4948-A878-1FEC00DB6172}.Release|x64.Build.0 = Release|Any CPU
		{CB0D5159-796B-4948-A878-1FEC00DB6172}.Release|x86.ActiveCfg = Release|Any CPU
		{CB0D5159-796B-4948-A878-1FEC00DB6172}.Release|x86.Build.0 = Release|Any CPU
		{B7186488-3D8C-4E4D-BC54-315D270B523A}.Debug|Any CPU.ActiveCfg = Debug|Any CPU
		{B7186488-3D8C-4E4D-BC54-315D270B523A}.Debug|Any CPU.Build.0 = Debug|Any CPU
		{B7186488-3D8C-4E4D-BC54-315D270B523A}.Debug|ARM.ActiveCfg = Debug|Any CPU
		{B7186488-3D8C-4E4D-BC54-315D270B523A}.Debug|ARM.Build.0 = Debug|Any CPU
		{B7186488-3D8C-4E4D-BC54-315D270B523A}.Debug|x64.ActiveCfg = Debug|Any CPU
		{B7186488-3D8C-4E4D-BC54-315D270B523A}.Debug|x64.Build.0 = Debug|Any CPU
		{B7186488-3D8C-4E4D-BC54-315D270B523A}.Debug|x86.ActiveCfg = Debug|Any CPU
		{B7186488-3D8C-4E4D-BC54-315D270B523A}.Debug|x86.Build.0 = Debug|Any CPU
		{B7186488-3D8C-4E4D-BC54-315D270B523A}.Release|Any CPU.ActiveCfg = Release|Any CPU
		{B7186488-3D8C-4E4D-BC54-315D270B523A}.Release|Any CPU.Build.0 = Release|Any CPU
		{B7186488-3D8C-4E4D-BC54-315D270B523A}.Release|ARM.ActiveCfg = Release|Any CPU
		{B7186488-3D8C-4E4D-BC54-315D270B523A}.Release|ARM.Build.0 = Release|Any CPU
		{B7186488-3D8C-4E4D-BC54-315D270B523A}.Release|x64.ActiveCfg = Release|Any CPU
		{B7186488-3D8C-4E4D-BC54-315D270B523A}.Release|x64.Build.0 = Release|Any CPU
		{B7186488-3D8C-4E4D-BC54-315D270B523A}.Release|x86.ActiveCfg = Release|Any CPU
		{B7186488-3D8C-4E4D-BC54-315D270B523A}.Release|x86.Build.0 = Release|Any CPU
		{0482DA46-F50E-41A6-9C97-BB8044C95B2A}.Debug|Any CPU.ActiveCfg = Debug|Any CPU
		{0482DA46-F50E-41A6-9C97-BB8044C95B2A}.Debug|Any CPU.Build.0 = Debug|Any CPU
		{0482DA46-F50E-41A6-9C97-BB8044C95B2A}.Debug|ARM.ActiveCfg = Debug|Any CPU
		{0482DA46-F50E-41A6-9C97-BB8044C95B2A}.Debug|ARM.Build.0 = Debug|Any CPU
		{0482DA46-F50E-41A6-9C97-BB8044C95B2A}.Debug|x64.ActiveCfg = Debug|Any CPU
		{0482DA46-F50E-41A6-9C97-BB8044C95B2A}.Debug|x64.Build.0 = Debug|Any CPU
		{0482DA46-F50E-41A6-9C97-BB8044C95B2A}.Debug|x86.ActiveCfg = Debug|Any CPU
		{0482DA46-F50E-41A6-9C97-BB8044C95B2A}.Debug|x86.Build.0 = Debug|Any CPU
		{0482DA46-F50E-41A6-9C97-BB8044C95B2A}.Release|Any CPU.ActiveCfg = Release|Any CPU
		{0482DA46-F50E-41A6-9C97-BB8044C95B2A}.Release|Any CPU.Build.0 = Release|Any CPU
		{0482DA46-F50E-41A6-9C97-BB8044C95B2A}.Release|ARM.ActiveCfg = Release|Any CPU
		{0482DA46-F50E-41A6-9C97-BB8044C95B2A}.Release|ARM.Build.0 = Release|Any CPU
		{0482DA46-F50E-41A6-9C97-BB8044C95B2A}.Release|x64.ActiveCfg = Release|Any CPU
		{0482DA46-F50E-41A6-9C97-BB8044C95B2A}.Release|x64.Build.0 = Release|Any CPU
		{0482DA46-F50E-41A6-9C97-BB8044C95B2A}.Release|x86.ActiveCfg = Release|Any CPU
		{0482DA46-F50E-41A6-9C97-BB8044C95B2A}.Release|x86.Build.0 = Release|Any CPU
		{BC8CC5FF-C684-4B6F-BD76-6D8CB7D1F2BF}.Debug|Any CPU.ActiveCfg = Debug|Any CPU
		{BC8CC5FF-C684-4B6F-BD76-6D8CB7D1F2BF}.Debug|Any CPU.Build.0 = Debug|Any CPU
		{BC8CC5FF-C684-4B6F-BD76-6D8CB7D1F2BF}.Debug|ARM.ActiveCfg = Debug|Any CPU
		{BC8CC5FF-C684-4B6F-BD76-6D8CB7D1F2BF}.Debug|ARM.Build.0 = Debug|Any CPU
		{BC8CC5FF-C684-4B6F-BD76-6D8CB7D1F2BF}.Debug|x64.ActiveCfg = Debug|Any CPU
		{BC8CC5FF-C684-4B6F-BD76-6D8CB7D1F2BF}.Debug|x64.Build.0 = Debug|Any CPU
		{BC8CC5FF-C684-4B6F-BD76-6D8CB7D1F2BF}.Debug|x86.ActiveCfg = Debug|Any CPU
		{BC8CC5FF-C684-4B6F-BD76-6D8CB7D1F2BF}.Debug|x86.Build.0 = Debug|Any CPU
		{BC8CC5FF-C684-4B6F-BD76-6D8CB7D1F2BF}.Release|Any CPU.ActiveCfg = Release|Any CPU
		{BC8CC5FF-C684-4B6F-BD76-6D8CB7D1F2BF}.Release|Any CPU.Build.0 = Release|Any CPU
		{BC8CC5FF-C684-4B6F-BD76-6D8CB7D1F2BF}.Release|ARM.ActiveCfg = Release|Any CPU
		{BC8CC5FF-C684-4B6F-BD76-6D8CB7D1F2BF}.Release|ARM.Build.0 = Release|Any CPU
		{BC8CC5FF-C684-4B6F-BD76-6D8CB7D1F2BF}.Release|x64.ActiveCfg = Release|Any CPU
		{BC8CC5FF-C684-4B6F-BD76-6D8CB7D1F2BF}.Release|x64.Build.0 = Release|Any CPU
		{BC8CC5FF-C684-4B6F-BD76-6D8CB7D1F2BF}.Release|x86.ActiveCfg = Release|Any CPU
		{BC8CC5FF-C684-4B6F-BD76-6D8CB7D1F2BF}.Release|x86.Build.0 = Release|Any CPU
		{96A4FF5D-4A03-460E-A5AD-E01A332B92C2}.Debug|Any CPU.ActiveCfg = Debug|Any CPU
		{96A4FF5D-4A03-460E-A5AD-E01A332B92C2}.Debug|Any CPU.Build.0 = Debug|Any CPU
		{96A4FF5D-4A03-460E-A5AD-E01A332B92C2}.Debug|ARM.ActiveCfg = Debug|Any CPU
		{96A4FF5D-4A03-460E-A5AD-E01A332B92C2}.Debug|ARM.Build.0 = Debug|Any CPU
		{96A4FF5D-4A03-460E-A5AD-E01A332B92C2}.Debug|x64.ActiveCfg = Debug|Any CPU
		{96A4FF5D-4A03-460E-A5AD-E01A332B92C2}.Debug|x64.Build.0 = Debug|Any CPU
		{96A4FF5D-4A03-460E-A5AD-E01A332B92C2}.Debug|x86.ActiveCfg = Debug|Any CPU
		{96A4FF5D-4A03-460E-A5AD-E01A332B92C2}.Debug|x86.Build.0 = Debug|Any CPU
		{96A4FF5D-4A03-460E-A5AD-E01A332B92C2}.Release|Any CPU.ActiveCfg = Release|Any CPU
		{96A4FF5D-4A03-460E-A5AD-E01A332B92C2}.Release|Any CPU.Build.0 = Release|Any CPU
		{96A4FF5D-4A03-460E-A5AD-E01A332B92C2}.Release|ARM.ActiveCfg = Release|Any CPU
		{96A4FF5D-4A03-460E-A5AD-E01A332B92C2}.Release|ARM.Build.0 = Release|Any CPU
		{96A4FF5D-4A03-460E-A5AD-E01A332B92C2}.Release|x64.ActiveCfg = Release|Any CPU
		{96A4FF5D-4A03-460E-A5AD-E01A332B92C2}.Release|x64.Build.0 = Release|Any CPU
		{96A4FF5D-4A03-460E-A5AD-E01A332B92C2}.Release|x86.ActiveCfg = Release|Any CPU
		{96A4FF5D-4A03-460E-A5AD-E01A332B92C2}.Release|x86.Build.0 = Release|Any CPU
		{A548C9C1-1910-47BD-9A70-43B498E0D974}.Debug|Any CPU.ActiveCfg = Debug|Any CPU
		{A548C9C1-1910-47BD-9A70-43B498E0D974}.Debug|Any CPU.Build.0 = Debug|Any CPU
		{A548C9C1-1910-47BD-9A70-43B498E0D974}.Debug|ARM.ActiveCfg = Debug|Any CPU
		{A548C9C1-1910-47BD-9A70-43B498E0D974}.Debug|ARM.Build.0 = Debug|Any CPU
		{A548C9C1-1910-47BD-9A70-43B498E0D974}.Debug|x64.ActiveCfg = Debug|Any CPU
		{A548C9C1-1910-47BD-9A70-43B498E0D974}.Debug|x64.Build.0 = Debug|Any CPU
		{A548C9C1-1910-47BD-9A70-43B498E0D974}.Debug|x86.ActiveCfg = Debug|Any CPU
		{A548C9C1-1910-47BD-9A70-43B498E0D974}.Debug|x86.Build.0 = Debug|Any CPU
		{A548C9C1-1910-47BD-9A70-43B498E0D974}.Release|Any CPU.ActiveCfg = Release|Any CPU
		{A548C9C1-1910-47BD-9A70-43B498E0D974}.Release|Any CPU.Build.0 = Release|Any CPU
		{A548C9C1-1910-47BD-9A70-43B498E0D974}.Release|ARM.ActiveCfg = Release|Any CPU
		{A548C9C1-1910-47BD-9A70-43B498E0D974}.Release|ARM.Build.0 = Release|Any CPU
		{A548C9C1-1910-47BD-9A70-43B498E0D974}.Release|x64.ActiveCfg = Release|Any CPU
		{A548C9C1-1910-47BD-9A70-43B498E0D974}.Release|x64.Build.0 = Release|Any CPU
		{A548C9C1-1910-47BD-9A70-43B498E0D974}.Release|x86.ActiveCfg = Release|Any CPU
		{A548C9C1-1910-47BD-9A70-43B498E0D974}.Release|x86.Build.0 = Release|Any CPU
		{331CBFEC-3142-45E8-902E-14D40076063D}.Debug|Any CPU.ActiveCfg = Debug|Any CPU
		{331CBFEC-3142-45E8-902E-14D40076063D}.Debug|Any CPU.Build.0 = Debug|Any CPU
		{331CBFEC-3142-45E8-902E-14D40076063D}.Debug|ARM.ActiveCfg = Debug|Any CPU
		{331CBFEC-3142-45E8-902E-14D40076063D}.Debug|ARM.Build.0 = Debug|Any CPU
		{331CBFEC-3142-45E8-902E-14D40076063D}.Debug|x64.ActiveCfg = Debug|Any CPU
		{331CBFEC-3142-45E8-902E-14D40076063D}.Debug|x64.Build.0 = Debug|Any CPU
		{331CBFEC-3142-45E8-902E-14D40076063D}.Debug|x86.ActiveCfg = Debug|Any CPU
		{331CBFEC-3142-45E8-902E-14D40076063D}.Debug|x86.Build.0 = Debug|Any CPU
		{331CBFEC-3142-45E8-902E-14D40076063D}.Release|Any CPU.ActiveCfg = Release|Any CPU
		{331CBFEC-3142-45E8-902E-14D40076063D}.Release|Any CPU.Build.0 = Release|Any CPU
		{331CBFEC-3142-45E8-902E-14D40076063D}.Release|ARM.ActiveCfg = Release|Any CPU
		{331CBFEC-3142-45E8-902E-14D40076063D}.Release|ARM.Build.0 = Release|Any CPU
		{331CBFEC-3142-45E8-902E-14D40076063D}.Release|x64.ActiveCfg = Release|Any CPU
		{331CBFEC-3142-45E8-902E-14D40076063D}.Release|x64.Build.0 = Release|Any CPU
		{331CBFEC-3142-45E8-902E-14D40076063D}.Release|x86.ActiveCfg = Release|Any CPU
		{331CBFEC-3142-45E8-902E-14D40076063D}.Release|x86.Build.0 = Release|Any CPU
	EndGlobalSection
	GlobalSection(SolutionProperties) = preSolution
		HideSolutionNode = FALSE
	EndGlobalSection
	GlobalSection(NestedProjects) = preSolution
		{B7186488-3D8C-4E4D-BC54-315D270B523A} = {AE88DFC6-A0B5-4B32-BDB8-52A7E7E1F4FE}
		{0482DA46-F50E-41A6-9C97-BB8044C95B2A} = {9F5F01F3-A2FD-4291-956A-8D1CA6E54263}
		{BC8CC5FF-C684-4B6F-BD76-6D8CB7D1F2BF} = {AE88DFC6-A0B5-4B32-BDB8-52A7E7E1F4FE}
		{96A4FF5D-4A03-460E-A5AD-E01A332B92C2} = {37AC289E-518A-4DD5-B264-F56AE8235D87}
		{A548C9C1-1910-47BD-9A70-43B498E0D974} = {37AC289E-518A-4DD5-B264-F56AE8235D87}
		{331CBFEC-3142-45E8-902E-14D40076063D} = {37AC289E-518A-4DD5-B264-F56AE8235D87}
	EndGlobalSection
	GlobalSection(ExtensibilityGlobals) = postSolution
		SolutionGuid = {22BD765D-F626-4D09-8FCB-B33059C386D3}
	EndGlobalSection
EndGlobal
